
Microsoft Visual Studio Solution File, Format Version 12.00
# Visual Studio Version 17
VisualStudioVersion = 17.9.34723.18
MinimumVisualStudioVersion = 10.0.40219.1
Project("{FAE04EC0-301F-11D3-BF4B-00C04F79EFBC}") = "Examen Final", "Examen Final.csproj", "{D7F167EF-04B3-4D46-BDC6-822F3C23B543}"
EndProject
Global
	GlobalSection(SolutionConfigurationPlatforms) = preSolution
		Debug|Any CPU = Debug|Any CPU
		Release|Any CPU = Release|Any CPU
	EndGlobalSection
	GlobalSection(ProjectConfigurationPlatforms) = postSolution
		{D7F167EF-04B3-4D46-BDC6-822F3C23B543}.Debug|Any CPU.ActiveCfg = Debug|Any CPU
		{D7F167EF-04B3-4D46-BDC6-822F3C23B543}.Debug|Any CPU.Build.0 = Debug|Any CPU
		{D7F167EF-04B3-4D46-BDC6-822F3C23B543}.Release|Any CPU.ActiveCfg = Release|Any CPU
		{D7F167EF-04B3-4D46-BDC6-822F3C23B543}.Release|Any CPU.Build.0 = Release|Any CPU
	EndGlobalSection
	GlobalSection(SolutionProperties) = preSolution
		HideSolutionNode = FALSE
	EndGlobalSection
	GlobalSection(ExtensibilityGlobals) = postSolution
		SolutionGuid = {9340A519-7269-44A1-8ADA-9437695AA770}
	EndGlobalSection
EndGlobal
